
Microsoft Visual Studio Solution File, Format Version 12.00
# Visual Studio Version 17
VisualStudioVersion = 17.9.34728.123
MinimumVisualStudioVersion = 10.0.40219.1
Project("{FAE04EC0-301F-11D3-BF4B-00C04F79EFBC}") = "keltnerReversionStrategy", "keltnerReversionStrategy\keltnerReversionStrategy.csproj", "{4E7E2478-8CD2-481D-AD94-2D38710930D1}"
EndProject
Global
	GlobalSection(SolutionConfigurationPlatforms) = preSolution
		Debug|Any CPU = Debug|Any CPU
		Release|Any CPU = Release|Any CPU
	EndGlobalSection
	GlobalSection(ProjectConfigurationPlatforms) = postSolution
		{4E7E2478-8CD2-481D-AD94-2D38710930D1}.Debug|Any CPU.ActiveCfg = Debug|Any CPU
		{4E7E2478-8CD2-481D-AD94-2D38710930D1}.Debug|Any CPU.Build.0 = Debug|Any CPU
		{4E7E2478-8CD2-481D-AD94-2D38710930D1}.Release|Any CPU.ActiveCfg = Release|Any CPU
		{4E7E2478-8CD2-481D-AD94-2D38710930D1}.Release|Any CPU.Build.0 = Release|Any CPU
	EndGlobalSection
	GlobalSection(SolutionProperties) = preSolution
		HideSolutionNode = FALSE
	EndGlobalSection
	GlobalSection(ExtensibilityGlobals) = postSolution
		SolutionGuid = {A736FC16-A6D2-4EAB-B310-B3C7234BB9B6}
	EndGlobalSection
EndGlobal
